
Microsoft Visual Studio Solution File, Format Version 12.00
# Visual Studio Version 17
VisualStudioVersion = 17.13.35818.85 d17.13
MinimumVisualStudioVersion = 10.0.40219.1
Project("{FAE04EC0-301F-11D3-BF4B-00C04F79EFBC}") = "DatoriumML", "DatoriumML\DatoriumML.csproj", "{DB6843D1-8D7D-45DB-91C5-8A3063361A50}"
EndProject
Global
	GlobalSection(SolutionConfigurationPlatforms) = preSolution
		Debug|Any CPU = Debug|Any CPU
		Release|Any CPU = Release|Any CPU
	EndGlobalSection
	GlobalSection(ProjectConfigurationPlatforms) = postSolution
		{DB6843D1-8D7D-45DB-91C5-8A3063361A50}.Debug|Any CPU.ActiveCfg = Debug|Any CPU
		{DB6843D1-8D7D-45DB-91C5-8A3063361A50}.Debug|Any CPU.Build.0 = Debug|Any CPU
		{DB6843D1-8D7D-45DB-91C5-8A3063361A50}.Release|Any CPU.ActiveCfg = Release|Any CPU
		{DB6843D1-8D7D-45DB-91C5-8A3063361A50}.Release|Any CPU.Build.0 = Release|Any CPU
	EndGlobalSection
	GlobalSection(SolutionProperties) = preSolution
		HideSolutionNode = FALSE
	EndGlobalSection
	GlobalSection(ExtensibilityGlobals) = postSolution
		SolutionGuid = {BC63EDCE-1A2B-4188-B2E5-15DEDF623686}
	EndGlobalSection
EndGlobal
